Microsoft Visual Studio Solution File, Format Version 12.00
# Visual Studio Version 17
VisualStudioVersion = 17.5.2.0
MinimumVisualStudioVersion = 10.0.40219.1
Project("{FAE04EC0-301F-11D3-BF4B-00C04F79EFBC}") = "POO_e_Encapsulamento", "POO_e_Encapsulamento.csproj", "{28D8623D-B984-1DC1-9ED2-C071C27CC316}"
EndProject
Global
	GlobalSection(SolutionConfigurationPlatforms) = preSolution
		Debug|Any CPU = Debug|Any CPU
		Release|Any CPU = Release|Any CPU
	EndGlobalSection
	GlobalSection(ProjectConfigurationPlatforms) = postSolution
		{28D8623D-B984-1DC1-9ED2-C071C27CC316}.Debug|Any CPU.ActiveCfg = Debug|Any CPU
		{28D8623D-B984-1DC1-9ED2-C071C27CC316}.Debug|Any CPU.Build.0 = Debug|Any CPU
		{28D8623D-B984-1DC1-9ED2-C071C27CC316}.Release|Any CPU.ActiveCfg = Release|Any CPU
		{28D8623D-B984-1DC1-9ED2-C071C27CC316}.Release|Any CPU.Build.0 = Release|Any CPU
	EndGlobalSection
	GlobalSection(SolutionProperties) = preSolution
		HideSolutionNode = FALSE
	EndGlobalSection
	GlobalSection(ExtensibilityGlobals) = postSolution
		SolutionGuid = {424AD9B0-8293-471B-AE9E-A3FB2A76B5E8}
	EndGlobalSection
EndGlobal
